
Microsoft Visual Studio Solution File, Format Version 12.00
# Visual Studio Version 17
VisualStudioVersion = 17.3.32819.101
MinimumVisualStudioVersion = 10.0.40219.1
Project("{9A19103F-16F7-4668-BE54-9A1E7A4F7556}") = "GetBoardsTest", "GetBoardsTest\GetBoardsTest.csproj", "{D652B476-12BB-4E53-9F70-22153BAB03A5}"
EndProject
Project("{9A19103F-16F7-4668-BE54-9A1E7A4F7556}") = "GetCardsTest", "GetCardsTest\GetCardsTest.csproj", "{B2207214-7F65-4D0C-BFDF-772B0D3F5B0F}"
EndProject
Project("{FAE04EC0-301F-11D3-BF4B-00C04F79EFBC}") = "GetListsTest", "GetListsTest\GetListsTest.csproj", "{E67B0054-CA52-4DE0-825E-AB23676A3AD4}"
EndProject
Global
	GlobalSection(SolutionConfigurationPlatforms) = preSolution
		Debug|Any CPU = Debug|Any CPU
		Release|Any CPU = Release|Any CPU
	EndGlobalSection
	GlobalSection(ProjectConfigurationPlatforms) = postSolution
		{D652B476-12BB-4E53-9F70-22153BAB03A5}.Debug|Any CPU.ActiveCfg = Debug|Any CPU
		{D652B476-12BB-4E53-9F70-22153BAB03A5}.Debug|Any CPU.Build.0 = Debug|Any CPU
		{D652B476-12BB-4E53-9F70-22153BAB03A5}.Release|Any CPU.ActiveCfg = Release|Any CPU
		{D652B476-12BB-4E53-9F70-22153BAB03A5}.Release|Any CPU.Build.0 = Release|Any CPU
		{B2207214-7F65-4D0C-BFDF-772B0D3F5B0F}.Debug|Any CPU.ActiveCfg = Debug|Any CPU
		{B2207214-7F65-4D0C-BFDF-772B0D3F5B0F}.Debug|Any CPU.Build.0 = Debug|Any CPU
		{B2207214-7F65-4D0C-BFDF-772B0D3F5B0F}.Release|Any CPU.ActiveCfg = Release|Any CPU
		{B2207214-7F65-4D0C-BFDF-772B0D3F5B0F}.Release|Any CPU.Build.0 = Release|Any CPU
		{E67B0054-CA52-4DE0-825E-AB23676A3AD4}.Debug|Any CPU.ActiveCfg = Debug|Any CPU
		{E67B0054-CA52-4DE0-825E-AB23676A3AD4}.Debug|Any CPU.Build.0 = Debug|Any CPU
		{E67B0054-CA52-4DE0-825E-AB23676A3AD4}.Release|Any CPU.ActiveCfg = Release|Any CPU
		{E67B0054-CA52-4DE0-825E-AB23676A3AD4}.Release|Any CPU.Build.0 = Release|Any CPU
	EndGlobalSection
	GlobalSection(SolutionProperties) = preSolution
		HideSolutionNode = FALSE
	EndGlobalSection
	GlobalSection(ExtensibilityGlobals) = postSolution
		SolutionGuid = {00416B36-5543-4B57-A4E6-59E1B6949A74}
	EndGlobalSection
EndGlobal
